
Microsoft Visual Studio Solution File, Format Version 12.00
# Visual Studio Version 16
VisualStudioVersion = 16.0.31702.278
MinimumVisualStudioVersion = 10.0.40219.1
Project("{FAE04EC0-301F-11D3-BF4B-00C04F79EFBC}") = "HA", "HA\HA.csproj", "{B858D386-E1DD-4047-A341-ADC4BB1C0D7A}"
EndProject
Global
	GlobalSection(SolutionConfigurationPlatforms) = preSolution
		Debug|Any CPU = Debug|Any CPU
		Release|Any CPU = Release|Any CPU
	EndGlobalSection
	GlobalSection(ProjectConfigurationPlatforms) = postSolution
		{B858D386-E1DD-4047-A341-ADC4BB1C0D7A}.Debug|Any CPU.ActiveCfg = Debug|Any CPU
		{B858D386-E1DD-4047-A341-ADC4BB1C0D7A}.Debug|Any CPU.Build.0 = Debug|Any CPU
		{B858D386-E1DD-4047-A341-ADC4BB1C0D7A}.Release|Any CPU.ActiveCfg = Release|Any CPU
		{B858D386-E1DD-4047-A341-ADC4BB1C0D7A}.Release|Any CPU.Build.0 = Release|Any CPU
	EndGlobalSection
	GlobalSection(SolutionProperties) = preSolution
		HideSolutionNode = FALSE
	EndGlobalSection
	GlobalSection(ExtensibilityGlobals) = postSolution
		SolutionGuid = {12FB25E9-6287-4D1B-BE88-7FA1DB3C8C53}
	EndGlobalSection
EndGlobal
